
Microsoft Visual Studio Solution File, Format Version 12.00
# Visual Studio Version 17
VisualStudioVersion = 17.2.32505.173
MinimumVisualStudioVersion = 10.0.40219.1
Project("{FAE04EC0-301F-11D3-BF4B-00C04F79EFBC}") = "TesteEasy", "TesteEasy\TesteEasy.csproj", "{9FBCA030-24EF-4E17-B40C-5544F7DBEA08}"
EndProject
Global
	GlobalSection(SolutionConfigurationPlatforms) = preSolution
		Debug|Any CPU = Debug|Any CPU
		Release|Any CPU = Release|Any CPU
	EndGlobalSection
	GlobalSection(ProjectConfigurationPlatforms) = postSolution
		{9FBCA030-24EF-4E17-B40C-5544F7DBEA08}.Debug|Any CPU.ActiveCfg = Debug|Any CPU
		{9FBCA030-24EF-4E17-B40C-5544F7DBEA08}.Debug|Any CPU.Build.0 = Debug|Any CPU
		{9FBCA030-24EF-4E17-B40C-5544F7DBEA08}.Release|Any CPU.ActiveCfg = Release|Any CPU
		{9FBCA030-24EF-4E17-B40C-5544F7DBEA08}.Release|Any CPU.Build.0 = Release|Any CPU
	EndGlobalSection
	GlobalSection(SolutionProperties) = preSolution
		HideSolutionNode = FALSE
	EndGlobalSection
	GlobalSection(ExtensibilityGlobals) = postSolution
		SolutionGuid = {A746F74D-EA07-42CC-BC9E-5C2118E1BDD5}
	EndGlobalSection
EndGlobal
